// !$*UTF8*$!
{
	archiveVersion = 1;
	classes = {
	};
	objectVersion = 46;
	objects = {

/* Begin PBXBuildFile section */
		5E328ED116FC8AF3003F80A4 /* audio2.mp3 in Resources */ = {isa = PBXBuildFile; fileRef = 5E328ED016FC8AF3003F80A4 /* audio2.mp3 */; };
		5E328ED516FC8E70003F80A4 /* PlayerViewController.m in Sources */ = {isa = PBXBuildFile; fileRef = 5E328ED316FC8E70003F80A4 /* PlayerViewController.m */; };
		5E328ED616FC8E70003F80A4 /* PlayerViewController.xib in Resources */ = {isa = PBXBuildFile; fileRef = 5E328ED416FC8E70003F80A4 /* PlayerViewController.xib */; };
		5E328EF416FD5F7B003F80A4 /* ScratcherViewController.xib in Resources */ = {isa = PBXBuildFile; fileRef = 5E328EEF16FD5F7A003F80A4 /* ScratcherViewController.xib */; };
		5E328EF516FD5F7B003F80A4 /* ScratcherViewController.m in Sources */ = {isa = PBXBuildFile; fileRef = 5E328EF116FD5F7A003F80A4 /* ScratcherViewController.m */; };
		5E328EF616FD5F7B003F80A4 /* Scratcher.m in Sources */ = {isa = PBXBuildFile; fileRef = 5E328EF316FD5F7B003F80A4 /* Scratcher.m */; };
		5E328EF916FD5FA2003F80A4 /* vinyl.png in Resources */ = {isa = PBXBuildFile; fileRef = 5E328EF816FD5FA2003F80A4 /* vinyl.png */; };
		5E529BC016FBB9DE001ABCF9 /* audio1.mp3 in Resources */ = {isa = PBXBuildFile; fileRef = 5E529BBF16FBB9DE001ABCF9 /* audio1.mp3 */; };
		5E89A5DA16FBAE0200EBA1F0 /* UIKit.framework in Frameworks */ = {isa = PBXBuildFile; fileRef = 5E89A5D916FBAE0200EBA1F0 /* UIKit.framework */; };
		5E89A5DC16FBAE0200EBA1F0 /* Foundation.framework in Frameworks */ = {isa = PBXBuildFile; fileRef = 5E89A5DB16FBAE0200EBA1F0 /* Foundation.framework */; };
		5E89A5DE16FBAE0200EBA1F0 /* CoreGraphics.framework in Frameworks */ = {isa = PBXBuildFile; fileRef = 5E89A5DD16FBAE0200EBA1F0 /* CoreGraphics.framework */; };
		5E89A5E416FBAE0200EBA1F0 /* InfoPlist.strings in Resources */ = {isa = PBXBuildFile; fileRef = 5E89A5E216FBAE0200EBA1F0 /* InfoPlist.strings */; };
		5E89A5E616FBAE0200EBA1F0 /* main.m in Sources */ = {isa = PBXBuildFile; fileRef = 5E89A5E516FBAE0200EBA1F0 /* main.m */; };
		5E89A5EA16FBAE0200EBA1F0 /* BassTestAppDelegate.m in Sources */ = {isa = PBXBuildFile; fileRef = 5E89A5E916FBAE0200EBA1F0 /* BassTestAppDelegate.m */; };
		5E89A5EC16FBAE0200EBA1F0 /* Default.png in Resources */ = {isa = PBXBuildFile; fileRef = 5E89A5EB16FBAE0200EBA1F0 /* Default.png */; };
		5E89A5EE16FBAE0200EBA1F0 /* Default@2x.png in Resources */ = {isa = PBXBuildFile; fileRef = 5E89A5ED16FBAE0200EBA1F0 /* Default@2x.png */; };
		5E89A5F016FBAE0200EBA1F0 /* Default-568h@2x.png in Resources */ = {isa = PBXBuildFile; fileRef = 5E89A5EF16FBAE0200EBA1F0 /* Default-568h@2x.png */; };
		5E89A5F716FBAE4000EBA1F0 /* AudioToolbox.framework in Frameworks */ = {isa = PBXBuildFile; fileRef = 5E89A5F616FBAE4000EBA1F0 /* AudioToolbox.framework */; };
		5E89A5F916FBAEA900EBA1F0 /* SystemConfiguration.framework in Frameworks */ = {isa = PBXBuildFile; fileRef = 5E89A5F816FBAEA900EBA1F0 /* SystemConfiguration.framework */; };
		5E89A5FB16FBAEB400EBA1F0 /* CFNetwork.framework in Frameworks */ = {isa = PBXBuildFile; fileRef = 5E89A5FA16FBAEB400EBA1F0 /* CFNetwork.framework */; };
		5E89A5FD16FBAEBA00EBA1F0 /* Accelerate.framework in Frameworks */ = {isa = PBXBuildFile; fileRef = 5E89A5FC16FBAEBA00EBA1F0 /* Accelerate.framework */; };
		5E89A5FF16FBAEC400EBA1F0 /* CoreMIDI.framework in Frameworks */ = {isa = PBXBuildFile; fileRef = 5E89A5FE16FBAEC400EBA1F0 /* CoreMIDI.framework */; };
		5E89A60516FBB00300EBA1F0 /* MainStoryboard.storyboard in Resources */ = {isa = PBXBuildFile; fileRef = 5E89A60416FBB00300EBA1F0 /* MainStoryboard.storyboard */; };
		5E89A60816FBB04000EBA1F0 /* BassTestViewController.m in Sources */ = {isa = PBXBuildFile; fileRef = 5E89A60716FBB04000EBA1F0 /* BassTestViewController.m */; };
		C20C3E8016FCBEF600CF4AF9 /* Mixer.m in Sources */ = {isa = PBXBuildFile; fileRef = C20C3E7F16FCBEF600CF4AF9 /* Mixer.m */; };
		C20C3E8316FCC9C000CF4AF9 /* TrataErros.m in Sources */ = {isa = PBXBuildFile; fileRef = C20C3E8216FCC9C000CF4AF9 /* TrataErros.m */; };
		C20C3E8E16FCEA4800CF4AF9 /* QuartzCore.framework in Frameworks */ = {isa = PBXBuildFile; fileRef = C20C3E8D16FCEA4700CF4AF9 /* QuartzCore.framework */; };
		C27E65DE1700E4CD00CEB57D /* MediaPlayer.framework in Frameworks */ = {isa = PBXBuildFile; fileRef = C27E65DD1700E4CD00CEB57D /* MediaPlayer.framework */; };
		C27E65E01700EE0F00CEB57D /* AVFoundation.framework in Frameworks */ = {isa = PBXBuildFile; fileRef = C27E65DF1700EE0F00CEB57D /* AVFoundation.framework */; };
		C27E65E41700F04C00CEB57D /* libbass.a in Frameworks */ = {isa = PBXBuildFile; fileRef = C27E65E11700F04C00CEB57D /* libbass.a */; };
		C27E65E51700F04C00CEB57D /* libbassenc.a in Frameworks */ = {isa = PBXBuildFile; fileRef = C27E65E21700F04C00CEB57D /* libbassenc.a */; };
		C27E65E61700F04C00CEB57D /* libbassmix.a in Frameworks */ = {isa = PBXBuildFile; fileRef = C27E65E31700F04C00CEB57D /* libbassmix.a */; };
		C27E65E81700F21900CEB57D /* CoreMedia.framework in Frameworks */ = {isa = PBXBuildFile; fileRef = C27E65E71700F21900CEB57D /* CoreMedia.framework */; };
		C27E65EA1700F6CA00CEB57D /* audio4.m4a in Resources */ = {isa = PBXBuildFile; fileRef = C27E65E91700F6CA00CEB57D /* audio4.m4a */; };
		C27E65ED1701C98700CEB57D /* CoreAudio.framework in Frameworks */ = {isa = PBXBuildFile; fileRef = C27E65EC1701C98700CEB57D /* CoreAudio.framework */; };
		C2AE5C99170324890068D52F /* libbass_fx.a in Frameworks */ = {isa = PBXBuildFile; fileRef = C2AE5C98170324890068D52F /* libbass_fx.a */; };
		C2AE5CA1170B26F90068D52F /* pickupDeck@2x.png in Resources */ = {isa = PBXBuildFile; fileRef = C2AE5C9F170B26F90068D52F /* pickupDeck@2x.png */; };
		C2AE5CA2170B26F90068D52F /* pickupDeck.png in Resources */ = {isa = PBXBuildFile; fileRef = C2AE5CA0170B26F90068D52F /* pickupDeck.png */; };
		C2AE5CA8170B2D220068D52F /* pickupBaseFixaDeck@2x.png in Resources */ = {isa = PBXBuildFile; fileRef = C2AE5CA5170B2D210068D52F /* pickupBaseFixaDeck@2x.png */; };
		C2AE5CAE170B2E710068D52F /* pickupDisco@2x.png in Resources */ = {isa = PBXBuildFile; fileRef = C2AE5CAD170B2E710068D52F /* pickupDisco@2x.png */; };
		C2AE5CB0170B6E000068D52F /* pickupBaseGiratoriaDeck@2x.png in Resources */ = {isa = PBXBuildFile; fileRef = C2AE5CAF170B6E000068D52F /* pickupBaseGiratoriaDeck@2x.png */; };
		C2AE5CB2170B6E140068D52F /* pickupRotuloDeck@2x.png in Resources */ = {isa = PBXBuildFile; fileRef = C2AE5CB1170B6E140068D52F /* pickupRotuloDeck@2x.png */; };
		C2CD169B1702214E00B68B0F /* audio3.m4a in Resources */ = {isa = PBXBuildFile; fileRef = C2CD169A1702214E00B68B0F /* audio3.m4a */; };
/* End PBXBuildFile section */

/* Begin PBXFileReference section */
		5E328ED016FC8AF3003F80A4 /* audio2.mp3 */ = {isa = PBXFileReference; lastKnownFileType = audio.mp3; path = audio2.mp3; sourceTree = "<group>"; };
		5E328ED216FC8E70003F80A4 /* PlayerViewController.h */ = {isa = PBXFileReference; fileEncoding = 4; lastKnownFileType = sourcecode.c.h; path = PlayerViewController.h; sourceTree = "<group>"; };
		5E328ED316FC8E70003F80A4 /* PlayerViewController.m */ = {isa = PBXFileReference; fileEncoding = 4; lastKnownFileType = sourcecode.c.objc; path = PlayerViewController.m; sourceTree = "<group>"; };
		5E328ED416FC8E70003F80A4 /* PlayerViewController.xib */ = {isa = PBXFileReference; fileEncoding = 4; lastKnownFileType = file.xib; path = PlayerViewController.xib; sourceTree = "<group>"; };
		5E328EEF16FD5F7A003F80A4 /* ScratcherViewController.xib */ = {isa = PBXFileReference; fileEncoding = 4; lastKnownFileType = file.xib; path = ScratcherViewController.xib; sourceTree = "<group>"; };
		5E328EF016FD5F7A003F80A4 /* ScratcherViewController.h */ = {isa = PBXFileReference; fileEncoding = 4; lastKnownFileType = sourcecode.c.h; path = ScratcherViewController.h; sourceTree = "<group>"; };
		5E328EF116FD5F7A003F80A4 /* ScratcherViewController.m */ = {isa = PBXFileReference; fileEncoding = 4; lastKnownFileType = sourcecode.c.objc; path = ScratcherViewController.m; sourceTree = "<group>"; };
		5E328EF216FD5F7A003F80A4 /* Scratcher.h */ = {isa = PBXFileReference; fileEncoding = 4; lastKnownFileType = sourcecode.c.h; path = Scratcher.h; sourceTree = "<group>"; };
		5E328EF316FD5F7B003F80A4 /* Scratcher.m */ = {isa = PBXFileReference; fileEncoding = 4; lastKnownFileType = sourcecode.c.objc; path = Scratcher.m; sourceTree = "<group>"; };
		5E328EF816FD5FA2003F80A4 /* vinyl.png */ = {isa = PBXFileReference; lastKnownFileType = image.png; path = vinyl.png; sourceTree = "<group>"; };
		5E529BBC16FBB845001ABCF9 /* bass.h */ = {isa = PBXFileReference; fileEncoding = 4; lastKnownFileType = sourcecode.c.h; path = bass.h; sourceTree = "<group>"; };
		5E529BBF16FBB9DE001ABCF9 /* audio1.mp3 */ = {isa = PBXFileReference; lastKnownFileType = audio.mp3; path = audio1.mp3; sourceTree = "<group>"; };
		5E89A5D616FBAE0200EBA1F0 /* BassTest.app */ = {isa = PBXFileReference; explicitFileType = wrapper.application; includeInIndex = 0; path = BassTest.app; sourceTree = BUILT_PRODUCTS_DIR; };
		5E89A5D916FBAE0200EBA1F0 /* UIKit.framework */ = {isa = PBXFileReference; lastKnownFileType = wrapper.framework; name = UIKit.framework; path = System/Library/Frameworks/UIKit.framework; sourceTree = SDKROOT; };
		5E89A5DB16FBAE0200EBA1F0 /* Foundation.framework */ = {isa = PBXFileReference; lastKnownFileType = wrapper.framework; name = Foundation.framework; path = System/Library/Frameworks/Foundation.framework; sourceTree = SDKROOT; };
		5E89A5DD16FBAE0200EBA1F0 /* CoreGraphics.framework */ = {isa = PBXFileReference; lastKnownFileType = wrapper.framework; name = CoreGraphics.framework; path = System/Library/Frameworks/CoreGraphics.framework; sourceTree = SDKROOT; };
		5E89A5E116FBAE0200EBA1F0 /* BassTest-Info.plist */ = {isa = PBXFileReference; lastKnownFileType = text.plist.xml; path = "BassTest-Info.plist"; sourceTree = "<group>"; };
		5E89A5E316FBAE0200EBA1F0 /* en */ = {isa = PBXFileReference; lastKnownFileType = text.plist.strings; name = en; path = en.lproj/InfoPlist.strings; sourceTree = "<group>"; };
		5E89A5E516FBAE0200EBA1F0 /* main.m */ = {isa = PBXFileReference; lastKnownFileType = sourcecode.c.objc; path = main.m; sourceTree = "<group>"; };
		5E89A5E716FBAE0200EBA1F0 /* BassTest-Prefix.pch */ = {isa = PBXFileReference; lastKnownFileType = sourcecode.c.h; path = "BassTest-Prefix.pch"; sourceTree = "<group>"; };
		5E89A5E816FBAE0200EBA1F0 /* BassTestAppDelegate.h */ = {isa = PBXFileReference; lastKnownFileType = sourcecode.c.h; path = BassTestAppDelegate.h; sourceTree = "<group>"; };
		5E89A5E916FBAE0200EBA1F0 /* BassTestAppDelegate.m */ = {isa = PBXFileReference; lastKnownFileType = sourcecode.c.objc; path = BassTestAppDelegate.m; sourceTree = "<group>"; };
		5E89A5EB16FBAE0200EBA1F0 /* Default.png */ = {isa = PBXFileReference; lastKnownFileType = image.png; path = Default.png; sourceTree = "<group>"; };
		5E89A5ED16FBAE0200EBA1F0 /* Default@2x.png */ = {isa = PBXFileReference; lastKnownFileType = image.png; path = "Default@2x.png"; sourceTree = "<group>"; };
		5E89A5EF16FBAE0200EBA1F0 /* Default-568h@2x.png */ = {isa = PBXFileReference; lastKnownFileType = image.png; path = "Default-568h@2x.png"; sourceTree = "<group>"; };
		5E89A5F616FBAE4000EBA1F0 /* AudioToolbox.framework */ = {isa = PBXFileReference; lastKnownFileType = wrapper.framework; name = AudioToolbox.framework; path = System/Library/Frameworks/AudioToolbox.framework; sourceTree = SDKROOT; };
		5E89A5F816FBAEA900EBA1F0 /* SystemConfiguration.framework */ = {isa = PBXFileReference; lastKnownFileType = wrapper.framework; name = SystemConfiguration.framework; path = System/Library/Frameworks/SystemConfiguration.framework; sourceTree = SDKROOT; };
		5E89A5FA16FBAEB400EBA1F0 /* CFNetwork.framework */ = {isa = PBXFileReference; lastKnownFileType = wrapper.framework; name = CFNetwork.framework; path = System/Library/Frameworks/CFNetwork.framework; sourceTree = SDKROOT; };
		5E89A5FC16FBAEBA00EBA1F0 /* Accelerate.framework */ = {isa = PBXFileReference; lastKnownFileType = wrapper.framework; name = Accelerate.framework; path = System/Library/Frameworks/Accelerate.framework; sourceTree = SDKROOT; };
		5E89A5FE16FBAEC400EBA1F0 /* CoreMIDI.framework */ = {isa = PBXFileReference; lastKnownFileType = wrapper.framework; name = CoreMIDI.framework; path = System/Library/Frameworks/CoreMIDI.framework; sourceTree = SDKROOT; };
		5E89A60416FBB00300EBA1F0 /* MainStoryboard.storyboard */ = {isa = PBXFileReference; fileEncoding = 4; lastKnownFileType = file.storyboard; path = MainStoryboard.storyboard; sourceTree = "<group>"; };
		5E89A60616FBB04000EBA1F0 /* BassTestViewController.h */ = {isa = PBXFileReference; fileEncoding = 4; lastKnownFileType = sourcecode.c.h; path = BassTestViewController.h; sourceTree = "<group>"; };
		5E89A60716FBB04000EBA1F0 /* BassTestViewController.m */ = {isa = PBXFileReference; fileEncoding = 4; lastKnownFileType = sourcecode.c.objc; path = BassTestViewController.m; sourceTree = "<group>"; };
		C20C3E7616FC8FF700CF4AF9 /* bassenc.h */ = {isa = PBXFileReference; fileEncoding = 4; lastKnownFileType = sourcecode.c.h; path = bassenc.h; sourceTree = "<group>"; };
		C20C3E7916FCA5BD00CF4AF9 /* bassmix.h */ = {isa = PBXFileReference; fileEncoding = 4; lastKnownFileType = sourcecode.c.h; path = bassmix.h; sourceTree = "<group>"; };
		C20C3E7E16FCBEF600CF4AF9 /* Mixer.h */ = {isa = PBXFileReference; fileEncoding = 4; lastKnownFileType = sourcecode.c.h; path = Mixer.h; sourceTree = "<group>"; };
		C20C3E7F16FCBEF600CF4AF9 /* Mixer.m */ = {isa = PBXFileReference; fileEncoding = 4; lastKnownFileType = sourcecode.c.objc; path = Mixer.m; sourceTree = "<group>"; };
		C20C3E8116FCC9BF00CF4AF9 /* TrataErros.h */ = {isa = PBXFileReference; fileEncoding = 4; lastKnownFileType = sourcecode.c.h; path = TrataErros.h; sourceTree = "<group>"; };
		C20C3E8216FCC9C000CF4AF9 /* TrataErros.m */ = {isa = PBXFileReference; fileEncoding = 4; lastKnownFileType = sourcecode.c.objc; path = TrataErros.m; sourceTree = "<group>"; };
		C20C3E8D16FCEA4700CF4AF9 /* QuartzCore.framework */ = {isa = PBXFileReference; lastKnownFileType = wrapper.framework; name = QuartzCore.framework; path = System/Library/Frameworks/QuartzCore.framework; sourceTree = SDKROOT; };
		C20C3E9116FDEAD800CF4AF9 /* PlayerProtocol.h */ = {isa = PBXFileReference; fileEncoding = 4; lastKnownFileType = sourcecode.c.h; path = PlayerProtocol.h; sourceTree = "<group>"; };
		C27E65DD1700E4CD00CEB57D /* MediaPlayer.framework */ = {isa = PBXFileReference; lastKnownFileType = wrapper.framework; name = MediaPlayer.framework; path = System/Library/Frameworks/MediaPlayer.framework; sourceTree = SDKROOT; };
		C27E65DF1700EE0F00CEB57D /* AVFoundation.framework */ = {isa = PBXFileReference; lastKnownFileType = wrapper.framework; name = AVFoundation.framework; path = System/Library/Frameworks/AVFoundation.framework; sourceTree = SDKROOT; };
		C27E65E11700F04C00CEB57D /* libbass.a */ = {isa = PBXFileReference; lastKnownFileType = archive.ar; name = libbass.a; path = BassTest/libbass.a; sourceTree = "<group>"; };
		C27E65E21700F04C00CEB57D /* libbassenc.a */ = {isa = PBXFileReference; lastKnownFileType = archive.ar; name = libbassenc.a; path = BassTest/libbassenc.a; sourceTree = "<group>"; };
		C27E65E31700F04C00CEB57D /* libbassmix.a */ = {isa = PBXFileReference; lastKnownFileType = archive.ar; name = libbassmix.a; path = BassTest/libbassmix.a; sourceTree = "<group>"; };
		C27E65E71700F21900CEB57D /* CoreMedia.framework */ = {isa = PBXFileReference; lastKnownFileType = wrapper.framework; name = CoreMedia.framework; path = System/Library/Frameworks/CoreMedia.framework; sourceTree = SDKROOT; };
		C27E65E91700F6CA00CEB57D /* audio4.m4a */ = {isa = PBXFileReference; lastKnownFileType = file; path = audio4.m4a; sourceTree = "<group>"; };
		C27E65EB1700FBF600CEB57D /* bassaac.h */ = {isa = PBXFileReference; fileEncoding = 4; lastKnownFileType = sourcecode.c.h; path = bassaac.h; sourceTree = "<group>"; };
		C27E65EC1701C98700CEB57D /* CoreAudio.framework */ = {isa = PBXFileReference; lastKnownFileType = wrapper.framework; name = CoreAudio.framework; path = System/Library/Frameworks/CoreAudio.framework; sourceTree = SDKROOT; };
		C2AE5C9517031F2E0068D52F /* bass_fx.h */ = {isa = PBXFileReference; fileEncoding = 4; lastKnownFileType = sourcecode.c.h; path = bass_fx.h; sourceTree = "<group>"; };
		C2AE5C98170324890068D52F /* libbass_fx.a */ = {isa = PBXFileReference; lastKnownFileType = archive.ar; name = libbass_fx.a; path = BassTest/libbass_fx.a; sourceTree = "<group>"; };
		C2AE5C9F170B26F90068D52F /* pickupDeck@2x.png */ = {isa = PBXFileReference; lastKnownFileType = image.png; path = "pickupDeck@2x.png"; sourceTree = "<group>"; };
		C2AE5CA0170B26F90068D52F /* pickupDeck.png */ = {isa = PBXFileReference; lastKnownFileType = image.png; path = pickupDeck.png; sourceTree = "<group>"; };
		C2AE5CA5170B2D210068D52F /* pickupBaseFixaDeck@2x.png */ = {isa = PBXFileReference; lastKnownFileType = image.png; path = "pickupBaseFixaDeck@2x.png"; sourceTree = "<group>"; };
		C2AE5CAD170B2E710068D52F /* pickupDisco@2x.png */ = {isa = PBXFileReference; lastKnownFileType = image.png; path = "pickupDisco@2x.png"; sourceTree = "<group>"; };
		C2AE5CAF170B6E000068D52F /* pickupBaseGiratoriaDeck@2x.png */ = {isa = PBXFileReference; lastKnownFileType = image.png; path = "pickupBaseGiratoriaDeck@2x.png"; sourceTree = "<group>"; };
		C2AE5CB1170B6E140068D52F /* pickupRotuloDeck@2x.png */ = {isa = PBXFileReference; lastKnownFileType = image.png; path = "pickupRotuloDeck@2x.png"; sourceTree = "<group>"; };
		C2CD169A1702214E00B68B0F /* audio3.m4a */ = {isa = PBXFileReference; lastKnownFileType = file; path = audio3.m4a; sourceTree = "<group>"; };
/* End PBXFileReference section */

/* Begin PBXFrameworksBuildPhase section */
		5E89A5D316FBAE0200EBA1F0 /* Frameworks */ = {
			isa = PBXFrameworksBuildPhase;
			buildActionMask = 2147483647;
			files = (
				C2AE5C99170324890068D52F /* libbass_fx.a in Frameworks */,
				C27E65ED1701C98700CEB57D /* CoreAudio.framework in Frameworks */,
				C27E65E81700F21900CEB57D /* CoreMedia.framework in Frameworks */,
				C27E65E41700F04C00CEB57D /* libbass.a in Frameworks */,
				C27E65E51700F04C00CEB57D /* libbassenc.a in Frameworks */,
				C27E65E61700F04C00CEB57D /* libbassmix.a in Frameworks */,
				C27E65E01700EE0F00CEB57D /* AVFoundation.framework in Frameworks */,
				C27E65DE1700E4CD00CEB57D /* MediaPlayer.framework in Frameworks */,
				C20C3E8E16FCEA4800CF4AF9 /* QuartzCore.framework in Frameworks */,
				5E89A5FF16FBAEC400EBA1F0 /* CoreMIDI.framework in Frameworks */,
				5E89A5FD16FBAEBA00EBA1F0 /* Accelerate.framework in Frameworks */,
				5E89A5FB16FBAEB400EBA1F0 /* CFNetwork.framework in Frameworks */,
				5E89A5F916FBAEA900EBA1F0 /* SystemConfiguration.framework in Frameworks */,
				5E89A5F716FBAE4000EBA1F0 /* AudioToolbox.framework in Frameworks */,
				5E89A5DA16FBAE0200EBA1F0 /* UIKit.framework in Frameworks */,
				5E89A5DC16FBAE0200EBA1F0 /* Foundation.framework in Frameworks */,
				5E89A5DE16FBAE0200EBA1F0 /* CoreGraphics.framework in Frameworks */,
			);
			runOnlyForDeploymentPostprocessing = 0;
		};
/* End PBXFrameworksBuildPhase section */

/* Begin PBXGroup section */
		5E328EF716FD5F99003F80A4 /* Images */ = {
			isa = PBXGroup;
			children = (
				C2AE5CB1170B6E140068D52F /* pickupRotuloDeck@2x.png */,
				C2AE5CAF170B6E000068D52F /* pickupBaseGiratoriaDeck@2x.png */,
				C2AE5CAD170B2E710068D52F /* pickupDisco@2x.png */,
				C2AE5CA5170B2D210068D52F /* pickupBaseFixaDeck@2x.png */,
				C2AE5C9F170B26F90068D52F /* pickupDeck@2x.png */,
				C2AE5CA0170B26F90068D52F /* pickupDeck.png */,
				5E328EF816FD5FA2003F80A4 /* vinyl.png */,
			);
			name = Images;
			sourceTree = "<group>";
		};
		5E529BBD16FBB952001ABCF9 /* Resources */ = {
			isa = PBXGroup;
			children = (
				5E328EF716FD5F99003F80A4 /* Images */,
				5E529BBE16FBB971001ABCF9 /* Audio */,
			);
			name = Resources;
			path = BassTest;
			sourceTree = "<group>";
		};
		5E529BBE16FBB971001ABCF9 /* Audio */ = {
			isa = PBXGroup;
			children = (
				C2CD169A1702214E00B68B0F /* audio3.m4a */,
				C27E65E91700F6CA00CEB57D /* audio4.m4a */,
				5E328ED016FC8AF3003F80A4 /* audio2.mp3 */,
				5E529BBF16FBB9DE001ABCF9 /* audio1.mp3 */,
			);
			name = Audio;
			sourceTree = "<group>";
		};
		5E89A5CD16FBAE0200EBA1F0 = {
			isa = PBXGroup;
			children = (
				5E89A5DF16FBAE0200EBA1F0 /* BassTest */,
				5E89A5E016FBAE0200EBA1F0 /* Supporting Files */,
				5E529BBD16FBB952001ABCF9 /* Resources */,
				5E89A5D816FBAE0200EBA1F0 /* Frameworks */,
				5E89A5D716FBAE0200EBA1F0 /* Products */,
			);
			sourceTree = "<group>";
		};
		5E89A5D716FBAE0200EBA1F0 /* Products */ = {
			isa = PBXGroup;
			children = (
				5E89A5D616FBAE0200EBA1F0 /* BassTest.app */,
			);
			name = Products;
			sourceTree = "<group>";
		};
		5E89A5D816FBAE0200EBA1F0 /* Frameworks */ = {
			isa = PBXGroup;
			children = (
				C2AE5C98170324890068D52F /* libbass_fx.a */,
				C27E65EC1701C98700CEB57D /* CoreAudio.framework */,
				C27E65E71700F21900CEB57D /* CoreMedia.framework */,
				C27E65E11700F04C00CEB57D /* libbass.a */,
				C27E65E21700F04C00CEB57D /* libbassenc.a */,
				C27E65E31700F04C00CEB57D /* libbassmix.a */,
				C27E65DF1700EE0F00CEB57D /* AVFoundation.framework */,
				C27E65DD1700E4CD00CEB57D /* MediaPlayer.framework */,
				C20C3E8D16FCEA4700CF4AF9 /* QuartzCore.framework */,
				5E89A5FE16FBAEC400EBA1F0 /* CoreMIDI.framework */,
				5E89A5FC16FBAEBA00EBA1F0 /* Accelerate.framework */,
				5E89A5FA16FBAEB400EBA1F0 /* CFNetwork.framework */,
				5E89A5F816FBAEA900EBA1F0 /* SystemConfiguration.framework */,
				5E89A5F616FBAE4000EBA1F0 /* AudioToolbox.framework */,
				5E89A5D916FBAE0200EBA1F0 /* UIKit.framework */,
				5E89A5DB16FBAE0200EBA1F0 /* Foundation.framework */,
				5E89A5DD16FBAE0200EBA1F0 /* CoreGraphics.framework */,
			);
			name = Frameworks;
			sourceTree = "<group>";
		};
		5E89A5DF16FBAE0200EBA1F0 /* BassTest */ = {
			isa = PBXGroup;
			children = (
				5E89A60416FBB00300EBA1F0 /* MainStoryboard.storyboard */,
				5E89A5E816FBAE0200EBA1F0 /* BassTestAppDelegate.h */,
				5E89A5E916FBAE0200EBA1F0 /* BassTestAppDelegate.m */,
				5E328ED216FC8E70003F80A4 /* PlayerViewController.h */,
				5E328ED316FC8E70003F80A4 /* PlayerViewController.m */,
				5E328ED416FC8E70003F80A4 /* PlayerViewController.xib */,
				5E89A60616FBB04000EBA1F0 /* BassTestViewController.h */,
				5E89A60716FBB04000EBA1F0 /* BassTestViewController.m */,
				C20C3E7E16FCBEF600CF4AF9 /* Mixer.h */,
				C20C3E7F16FCBEF600CF4AF9 /* Mixer.m */,
				C20C3E8116FCC9BF00CF4AF9 /* TrataErros.h */,
				C20C3E8216FCC9C000CF4AF9 /* TrataErros.m */,
				5E328EF016FD5F7A003F80A4 /* ScratcherViewController.h */,
				5E328EF116FD5F7A003F80A4 /* ScratcherViewController.m */,
				5E328EEF16FD5F7A003F80A4 /* ScratcherViewController.xib */,
				5E328EF216FD5F7A003F80A4 /* Scratcher.h */,
				5E328EF316FD5F7B003F80A4 /* Scratcher.m */,
				C20C3E9116FDEAD800CF4AF9 /* PlayerProtocol.h */,
			);
			path = BassTest;
			sourceTree = "<group>";
		};
		5E89A5E016FBAE0200EBA1F0 /* Supporting Files */ = {
			isa = PBXGroup;
			children = (
				5E529BBC16FBB845001ABCF9 /* bass.h */,
				C20C3E7616FC8FF700CF4AF9 /* bassenc.h */,
				C20C3E7916FCA5BD00CF4AF9 /* bassmix.h */,
				C27E65EB1700FBF600CEB57D /* bassaac.h */,
				C2AE5C9517031F2E0068D52F /* bass_fx.h */,
				5E89A5E116FBAE0200EBA1F0 /* BassTest-Info.plist */,
				5E89A5E216FBAE0200EBA1F0 /* InfoPlist.strings */,
				5E89A5E516FBAE0200EBA1F0 /* main.m */,
				5E89A5E716FBAE0200EBA1F0 /* BassTest-Prefix.pch */,
				5E89A5EB16FBAE0200EBA1F0 /* Default.png */,
				5E89A5ED16FBAE0200EBA1F0 /* Default@2x.png */,
				5E89A5EF16FBAE0200EBA1F0 /* Default-568h@2x.png */,
			);
			name = "Supporting Files";
			path = BassTest;
			sourceTree = "<group>";
		};
/* End PBXGroup section */

/* Begin PBXNativeTarget section */
		5E89A5D516FBAE0200EBA1F0 /* BassTest */ = {
			isa = PBXNativeTarget;
			buildConfigurationList = 5E89A5F316FBAE0200EBA1F0 /* Build configuration list for PBXNativeTarget "BassTest" */;
			buildPhases = (
				5E89A5D416FBAE0200EBA1F0 /* Resources */,
				5E89A5D216FBAE0200EBA1F0 /* Sources */,
				5E89A5D316FBAE0200EBA1F0 /* Frameworks */,
			);
			buildRules = (
			);
			dependencies = (
			);
			name = BassTest;
			productName = BassTest;
			productReference = 5E89A5D616FBAE0200EBA1F0 /* BassTest.app */;
			productType = "com.apple.product-type.application";
		};
/* End PBXNativeTarget section */

/* Begin PBXProject section */
		5E89A5CE16FBAE0200EBA1F0 /* Project object */ = {
			isa = PBXProject;
			attributes = {
				CLASSPREFIX = BassTEst;
				LastUpgradeCheck = 0460;
				ORGANIZATIONNAME = "George Henrique Villasboas";
			};
			buildConfigurationList = 5E89A5D116FBAE0200EBA1F0 /* Build configuration list for PBXProject "BassTest" */;
			compatibilityVersion = "Xcode 3.2";
			developmentRegion = English;
			hasScannedForEncodings = 0;
			knownRegions = (
				en,
			);
			mainGroup = 5E89A5CD16FBAE0200EBA1F0;
			productRefGroup = 5E89A5D716FBAE0200EBA1F0 /* Products */;
			projectDirPath = "";
			projectRoot = "";
			targets = (
				5E89A5D516FBAE0200EBA1F0 /* BassTest */,
			);
		};
/* End PBXProject section */

/* Begin PBXResourcesBuildPhase section */
		5E89A5D416FBAE0200EBA1F0 /* Resources */ = {
			isa = PBXResourcesBuildPhase;
			buildActionMask = 2147483647;
			files = (
				5E89A5E416FBAE0200EBA1F0 /* InfoPlist.strings in Resources */,
				5E89A5EC16FBAE0200EBA1F0 /* Default.png in Resources */,
				5E89A5EE16FBAE0200EBA1F0 /* Default@2x.png in Resources */,
				5E89A5F016FBAE0200EBA1F0 /* Default-568h@2x.png in Resources */,
				5E89A60516FBB00300EBA1F0 /* MainStoryboard.storyboard in Resources */,
				5E529BC016FBB9DE001ABCF9 /* audio1.mp3 in Resources */,
				5E328ED116FC8AF3003F80A4 /* audio2.mp3 in Resources */,
				5E328ED616FC8E70003F80A4 /* PlayerViewController.xib in Resources */,
				5E328EF416FD5F7B003F80A4 /* ScratcherViewController.xib in Resources */,
				5E328EF916FD5FA2003F80A4 /* vinyl.png in Resources */,
				C27E65EA1700F6CA00CEB57D /* audio4.m4a in Resources */,
				C2CD169B1702214E00B68B0F /* audio3.m4a in Resources */,
				C2AE5CA1170B26F90068D52F /* pickupDeck@2x.png in Resources */,
				C2AE5CA2170B26F90068D52F /* pickupDeck.png in Resources */,
				C2AE5CA8170B2D220068D52F /* pickupBaseFixaDeck@2x.png in Resources */,
				C2AE5CAE170B2E710068D52F /* pickupDisco@2x.png in Resources */,
				C2AE5CB0170B6E000068D52F /* pickupBaseGiratoriaDeck@2x.png in Resources */,
				C2AE5CB2170B6E140068D52F /* pickupRotuloDeck@2x.png in Resources */,
			);
			runOnlyForDeploymentPostprocessing = 0;
		};
/* End PBXResourcesBuildPhase section */

/* Begin PBXSourcesBuildPhase section */
		5E89A5D216FBAE0200EBA1F0 /* Sources */ = {
			isa = PBXSourcesBuildPhase;
			buildActionMask = 2147483647;
			files = (
				5E89A5E616FBAE0200EBA1F0 /* main.m in Sources */,
				5E89A5EA16FBAE0200EBA1F0 /* BassTestAppDelegate.m in Sources */,
				5E89A60816FBB04000EBA1F0 /* BassTestViewController.m in Sources */,
				5E328ED516FC8E70003F80A4 /* PlayerViewController.m in Sources */,
				C20C3E8016FCBEF600CF4AF9 /* Mixer.m in Sources */,
				C20C3E8316FCC9C000CF4AF9 /* TrataErros.m in Sources */,
				5E328EF516FD5F7B003F80A4 /* ScratcherViewController.m in Sources */,
				5E328EF616FD5F7B003F80A4 /* Scratcher.m in Sources */,
			);
			runOnlyForDeploymentPostprocessing = 0;
		};
/* End PBXSourcesBuildPhase section */

/* Begin PBXVariantGroup section */
		5E89A5E216FBAE0200EBA1F0 /* InfoPlist.strings */ = {
			isa = PBXVariantGroup;
			children = (
				5E89A5E316FBAE0200EBA1F0 /* en */,
			);
			name = InfoPlist.strings;
			sourceTree = "<group>";
		};
/* End PBXVariantGroup section */

/* Begin XCBuildConfiguration section */
		5E89A5F116FBAE0200EBA1F0 /* Debug */ = {
			isa = XCBuildConfiguration;
			buildSettings = {
				ALWAYS_SEARCH_USER_PATHS = NO;
				CLANG_CXX_LANGUAGE_STANDARD = "compiler-default";
				CLANG_CXX_LIBRARY = "compiler-default";
				CLANG_ENABLE_OBJC_ARC = YES;
				CLANG_WARN_CONSTANT_CONVERSION = YES;
				CLANG_WARN_EMPTY_BODY = YES;
				CLANG_WARN_ENUM_CONVERSION = YES;
				CLANG_WARN_INT_CONVERSION = YES;
				CLANG_WARN__DUPLICATE_METHOD_MATCH = YES;
				"CODE_SIGN_IDENTITY[sdk=iphoneos*]" = "iPhone Developer";
				COPY_PHASE_STRIP = NO;
				GCC_C_LANGUAGE_STANDARD = c99;
				GCC_DYNAMIC_NO_PIC = NO;
				GCC_OPTIMIZATION_LEVEL = 0;
				GCC_PREPROCESSOR_DEFINITIONS = (
					"DEBUG=1",
					"$(inherited)",
				);
				GCC_SYMBOLS_PRIVATE_EXTERN = YES;
				GCC_VERSION = com.apple.compilers.llvm.clang.1_0;
				GCC_WARN_ABOUT_RETURN_TYPE = YES;
				GCC_WARN_UNINITIALIZED_AUTOS = YES;
				GCC_WARN_UNUSED_VARIABLE = YES;
				IPHONEOS_DEPLOYMENT_TARGET = 6.1;
				ONLY_ACTIVE_ARCH = NO;
				OTHER_LDFLAGS = "-lbass_$PLATFORM_NAME";
				SDKROOT = iphoneos;
			};
			name = Debug;
		};
		5E89A5F216FBAE0200EBA1F0 /* Release */ = {
			isa = XCBuildConfiguration;
			buildSettings = {
				ALWAYS_SEARCH_USER_PATHS = NO;
				CLANG_CXX_LANGUAGE_STANDARD = "compiler-default";
				CLANG_CXX_LIBRARY = "compiler-default";
				CLANG_ENABLE_OBJC_ARC = YES;
				CLANG_WARN_CONSTANT_CONVERSION = YES;
				CLANG_WARN_EMPTY_BODY = YES;
				CLANG_WARN_ENUM_CONVERSION = YES;
				CLANG_WARN_INT_CONVERSION = YES;
				CLANG_WARN__DUPLICATE_METHOD_MATCH = YES;
				"CODE_SIGN_IDENTITY[sdk=iphoneos*]" = "iPhone Developer";
				COPY_PHASE_STRIP = YES;
				GCC_C_LANGUAGE_STANDARD = c99;
				GCC_VERSION = com.apple.compilers.llvm.clang.1_0;
				GCC_WARN_ABOUT_RETURN_TYPE = YES;
				GCC_WARN_UNINITIALIZED_AUTOS = YES;
				GCC_WARN_UNUSED_VARIABLE = YES;
				IPHONEOS_DEPLOYMENT_TARGET = 6.1;
				ONLY_ACTIVE_ARCH = NO;
				OTHER_CFLAGS = "-DNS_BLOCK_ASSERTIONS=1";
				OTHER_LDFLAGS = "-lbass_$PLATFORM_NAME";
				SDKROOT = iphoneos;
				VALIDATE_PRODUCT = YES;
			};
			name = Release;
		};
		5E89A5F416FBAE0200EBA1F0 /* Debug */ = {
			isa = XCBuildConfiguration;
			buildSettings = {
				GCC_INPUT_FILETYPE = automatic;
				GCC_PRECOMPILE_PREFIX_HEADER = YES;
				GCC_PREFIX_HEADER = "BassTest/BassTest-Prefix.pch";
				INFOPLIST_FILE = "BassTest/BassTest-Info.plist";
				LIBRARY_SEARCH_PATHS = (
					"$(inherited)",
					"\"$(SRCROOT)/BassTest\"",
					"\"$(SRCROOT)\"",
				);
				OTHER_LDFLAGS = "-lstdc++";
				PRODUCT_NAME = "$(TARGET_NAME)";
				WRAPPER_EXTENSION = app;
			};
			name = Debug;
		};
		5E89A5F516FBAE0200EBA1F0 /* Release */ = {
			isa = XCBuildConfiguration;
			buildSettings = {
				GCC_INPUT_FILETYPE = automatic;
				GCC_PRECOMPILE_PREFIX_HEADER = YES;
				GCC_PREFIX_HEADER = "BassTest/BassTest-Prefix.pch";
				INFOPLIST_FILE = "BassTest/BassTest-Info.plist";
				LIBRARY_SEARCH_PATHS = (
					"$(inherited)",
					"\"$(SRCROOT)/BassTest\"",
					"\"$(SRCROOT)\"",
				);
				OTHER_LDFLAGS = "-lstdc++";
				PRODUCT_NAME = "$(TARGET_NAME)";
				WRAPPER_EXTENSION = app;
			};
			name = Release;
		};
/* End XCBuildConfiguration section */

/* Begin XCConfigurationList section */
		5E89A5D116FBAE0200EBA1F0 /* Build configuration list for PBXProject "BassTest" */ = {
			isa = XCConfigurationList;
			buildConfigurations = (
				5E89A5F116FBAE0200EBA1F0 /* Debug */,
				5E89A5F216FBAE0200EBA1F0 /* Release */,
			);
			defaultConfigurationIsVisible = 0;
			defaultConfigurationName = Release;
		};
		5E89A5F316FBAE0200EBA1F0 /* Build configuration list for PBXNativeTarget "BassTest" */ = {
			isa = XCConfigurationList;
			buildConfigurations = (
				5E89A5F416FBAE0200EBA1F0 /* Debug */,
				5E89A5F516FBAE0200EBA1F0 /* Release */,
			);
			defaultConfigurationIsVisible = 0;
			defaultConfigurationName = Release;
		};
/* End XCConfigurationList section */
	};
	rootObject = 5E89A5CE16FBAE0200EBA1F0 /* Project object */;
}
